// !$*UTF8*$!
{
	archiveVersion = 1;
	classes = {
	};
	objectVersion = 46;
	objects = {

/* Begin PBXBuildFile section */
		OBJ_55 /* FeedParser.swift in Sources */ = {isa = PBXBuildFile; fileRef = OBJ_9 /* FeedParser.swift */; };
		OBJ_56 /* Formatter.swift in Sources */ = {isa = PBXBuildFile; fileRef = OBJ_10 /* Formatter.swift */; };
		OBJ_57 /* main.swift in Sources */ = {isa = PBXBuildFile; fileRef = OBJ_11 /* main.swift */; };
		OBJ_58 /* ScoresExecutor.swift in Sources */ = {isa = PBXBuildFile; fileRef = OBJ_12 /* ScoresExecutor.swift */; };
		OBJ_60 /* OrderBookLib.framework in Frameworks */ = {isa = PBXBuildFile; fileRef = OBJ_48 /* OrderBookLib.framework */; };
		OBJ_67 /* OrderBookProtocol.swift in Sources */ = {isa = PBXBuildFile; fileRef = OBJ_15 /* OrderBookProtocol.swift */; };
		OBJ_68 /* TradeEngineProtocol.swift in Sources */ = {isa = PBXBuildFile; fileRef = OBJ_16 /* TradeEngineProtocol.swift */; };
		OBJ_69 /* Order.swift in Sources */ = {isa = PBXBuildFile; fileRef = OBJ_20 /* Order.swift */; };
		OBJ_70 /* PricePoint.swift in Sources */ = {isa = PBXBuildFile; fileRef = OBJ_21 /* PricePoint.swift */; };
		OBJ_71 /* TradeEvent.swift in Sources */ = {isa = PBXBuildFile; fileRef = OBJ_22 /* TradeEvent.swift */; };
		OBJ_72 /* BTreeBasedOrderBook.swift in Sources */ = {isa = PBXBuildFile; fileRef = OBJ_18 /* BTreeBasedOrderBook.swift */; };
		OBJ_73 /* BridgedList.swift in Sources */ = {isa = PBXBuildFile; fileRef = OBJ_25 /* BridgedList.swift */; };
		OBJ_74 /* BTree.swift in Sources */ = {isa = PBXBuildFile; fileRef = OBJ_26 /* BTree.swift */; };
		OBJ_75 /* BTreeBuilder.swift in Sources */ = {isa = PBXBuildFile; fileRef = OBJ_27 /* BTreeBuilder.swift */; };
		OBJ_76 /* BTreeComparisons.swift in Sources */ = {isa = PBXBuildFile; fileRef = OBJ_28 /* BTreeComparisons.swift */; };
		OBJ_77 /* BTreeCursor.swift in Sources */ = {isa = PBXBuildFile; fileRef = OBJ_29 /* BTreeCursor.swift */; };
		OBJ_78 /* BTreeIndex.swift in Sources */ = {isa = PBXBuildFile; fileRef = OBJ_30 /* BTreeIndex.swift */; };
		OBJ_79 /* BTreeIterator.swift in Sources */ = {isa = PBXBuildFile; fileRef = OBJ_31 /* BTreeIterator.swift */; };
		OBJ_80 /* BTreeMerger.swift in Sources */ = {isa = PBXBuildFile; fileRef = OBJ_32 /* BTreeMerger.swift */; };
		OBJ_81 /* BTreeNode.swift in Sources */ = {isa = PBXBuildFile; fileRef = OBJ_33 /* BTreeNode.swift */; };
		OBJ_82 /* BTreePath.swift in Sources */ = {isa = PBXBuildFile; fileRef = OBJ_34 /* BTreePath.swift */; };
		OBJ_83 /* Compatibility.swift in Sources */ = {isa = PBXBuildFile; fileRef = OBJ_35 /* Compatibility.swift */; };
		OBJ_84 /* List.swift in Sources */ = {isa = PBXBuildFile; fileRef = OBJ_36 /* List.swift */; };
		OBJ_85 /* Map.swift in Sources */ = {isa = PBXBuildFile; fileRef = OBJ_37 /* Map.swift */; };
		OBJ_86 /* SortedBag.swift in Sources */ = {isa = PBXBuildFile; fileRef = OBJ_38 /* SortedBag.swift */; };
		OBJ_87 /* SortedSet.swift in Sources */ = {isa = PBXBuildFile; fileRef = OBJ_39 /* SortedSet.swift */; };
		OBJ_88 /* Weak.swift in Sources */ = {isa = PBXBuildFile; fileRef = OBJ_40 /* Weak.swift */; };
		OBJ_89 /* FastDeque.swift in Sources */ = {isa = PBXBuildFile; fileRef = OBJ_42 /* FastDeque.swift */; };
		OBJ_96 /* BTreeOrderBookSimpleTests.swift in Sources */ = {isa = PBXBuildFile; fileRef = OBJ_45 /* BTreeOrderBookSimpleTests.swift */; };
		OBJ_98 /* OrderBookLib.framework in Frameworks */ = {isa = PBXBuildFile; fileRef = OBJ_48 /* OrderBookLib.framework */; };
/* End PBXBuildFile section */

/* Begin PBXContainerItemProxy section */
		46CA0BC81ECB8809001530AC /* PBXContainerItemProxy */ = {
			isa = PBXContainerItemProxy;
			containerPortal = OBJ_1 /* Project object */;
			proxyType = 1;
			remoteGlobalIDString = OBJ_62;
			remoteInfo = OrderBookLib;
		};
		46CA0BC91ECB8809001530AC /* PBXContainerItemProxy */ = {
			isa = PBXContainerItemProxy;
			containerPortal = OBJ_1 /* Project object */;
			proxyType = 1;
			remoteGlobalIDString = OBJ_62;
			remoteInfo = OrderBookLib;
		};
/* End PBXContainerItemProxy section */

/* Begin PBXFileReference section */
		OBJ_10 /* Formatter.swift */ = {isa = PBXFileReference; lastKnownFileType = sourcecode.swift; path = Formatter.swift; sourceTree = "<group>"; };
		OBJ_11 /* main.swift */ = {isa = PBXFileReference; lastKnownFileType = sourcecode.swift; path = main.swift; sourceTree = "<group>"; };
		OBJ_12 /* ScoresExecutor.swift */ = {isa = PBXFileReference; lastKnownFileType = sourcecode.swift; path = ScoresExecutor.swift; sourceTree = "<group>"; };
		OBJ_15 /* OrderBookProtocol.swift */ = {isa = PBXFileReference; lastKnownFileType = sourcecode.swift; path = OrderBookProtocol.swift; sourceTree = "<group>"; };
		OBJ_16 /* TradeEngineProtocol.swift */ = {isa = PBXFileReference; lastKnownFileType = sourcecode.swift; path = TradeEngineProtocol.swift; sourceTree = "<group>"; };
		OBJ_18 /* BTreeBasedOrderBook.swift */ = {isa = PBXFileReference; lastKnownFileType = sourcecode.swift; path = BTreeBasedOrderBook.swift; sourceTree = "<group>"; };
		OBJ_20 /* Order.swift */ = {isa = PBXFileReference; lastKnownFileType = sourcecode.swift; path = Order.swift; sourceTree = "<group>"; };
		OBJ_21 /* PricePoint.swift */ = {isa = PBXFileReference; lastKnownFileType = sourcecode.swift; path = PricePoint.swift; sourceTree = "<group>"; };
		OBJ_22 /* TradeEvent.swift */ = {isa = PBXFileReference; lastKnownFileType = sourcecode.swift; path = TradeEvent.swift; sourceTree = "<group>"; };
		OBJ_25 /* BridgedList.swift */ = {isa = PBXFileReference; lastKnownFileType = sourcecode.swift; path = BridgedList.swift; sourceTree = "<group>"; };
		OBJ_26 /* BTree.swift */ = {isa = PBXFileReference; lastKnownFileType = sourcecode.swift; path = BTree.swift; sourceTree = "<group>"; };
		OBJ_27 /* BTreeBuilder.swift */ = {isa = PBXFileReference; lastKnownFileType = sourcecode.swift; path = BTreeBuilder.swift; sourceTree = "<group>"; };
		OBJ_28 /* BTreeComparisons.swift */ = {isa = PBXFileReference; lastKnownFileType = sourcecode.swift; path = BTreeComparisons.swift; sourceTree = "<group>"; };
		OBJ_29 /* BTreeCursor.swift */ = {isa = PBXFileReference; lastKnownFileType = sourcecode.swift; path = BTreeCursor.swift; sourceTree = "<group>"; };
		OBJ_30 /* BTreeIndex.swift */ = {isa = PBXFileReference; lastKnownFileType = sourcecode.swift; path = BTreeIndex.swift; sourceTree = "<group>"; };
		OBJ_31 /* BTreeIterator.swift */ = {isa = PBXFileReference; lastKnownFileType = sourcecode.swift; path = BTreeIterator.swift; sourceTree = "<group>"; };
		OBJ_32 /* BTreeMerger.swift */ = {isa = PBXFileReference; lastKnownFileType = sourcecode.swift; path = BTreeMerger.swift; sourceTree = "<group>"; };
		OBJ_33 /* BTreeNode.swift */ = {isa = PBXFileReference; lastKnownFileType = sourcecode.swift; path = BTreeNode.swift; sourceTree = "<group>"; };
		OBJ_34 /* BTreePath.swift */ = {isa = PBXFileReference; lastKnownFileType = sourcecode.swift; path = BTreePath.swift; sourceTree = "<group>"; };
		OBJ_35 /* Compatibility.swift */ = {isa = PBXFileReference; lastKnownFileType = sourcecode.swift; path = Compatibility.swift; sourceTree = "<group>"; };
		OBJ_36 /* List.swift */ = {isa = PBXFileReference; lastKnownFileType = sourcecode.swift; path = List.swift; sourceTree = "<group>"; };
		OBJ_37 /* Map.swift */ = {isa = PBXFileReference; lastKnownFileType = sourcecode.swift; path = Map.swift; sourceTree = "<group>"; };
		OBJ_38 /* SortedBag.swift */ = {isa = PBXFileReference; lastKnownFileType = sourcecode.swift; path = SortedBag.swift; sourceTree = "<group>"; };
		OBJ_39 /* SortedSet.swift */ = {isa = PBXFileReference; lastKnownFileType = sourcecode.swift; path = SortedSet.swift; sourceTree = "<group>"; };
		OBJ_40 /* Weak.swift */ = {isa = PBXFileReference; lastKnownFileType = sourcecode.swift; path = Weak.swift; sourceTree = "<group>"; };
		OBJ_42 /* FastDeque.swift */ = {isa = PBXFileReference; lastKnownFileType = sourcecode.swift; path = FastDeque.swift; sourceTree = "<group>"; };
		OBJ_45 /* BTreeOrderBookSimpleTests.swift */ = {isa = PBXFileReference; lastKnownFileType = sourcecode.swift; path = BTreeOrderBookSimpleTests.swift; sourceTree = "<group>"; };
		OBJ_47 /* OrderBookApp */ = {isa = PBXFileReference; lastKnownFileType = text; path = OrderBookApp; sourceTree = BUILT_PRODUCTS_DIR; };
		OBJ_48 /* OrderBookLib.framework */ = {isa = PBXFileReference; explicitFileType = wrapper.framework; path = OrderBookLib.framework; sourceTree = BUILT_PRODUCTS_DIR; };
		OBJ_49 /* OrderBookLibTests.xctest */ = {isa = PBXFileReference; lastKnownFileType = file; path = OrderBookLibTests.xctest; sourceTree = BUILT_PRODUCTS_DIR; };
		OBJ_6 /* Package.swift */ = {isa = PBXFileReference; explicitFileType = sourcecode.swift; path = Package.swift; sourceTree = "<group>"; };
		OBJ_9 /* FeedParser.swift */ = {isa = PBXFileReference; lastKnownFileType = sourcecode.swift; path = FeedParser.swift; sourceTree = "<group>"; };
/* End PBXFileReference section */

/* Begin PBXFrameworksBuildPhase section */
		OBJ_59 /* Frameworks */ = {
			isa = PBXFrameworksBuildPhase;
			buildActionMask = 0;
			files = (
				OBJ_60 /* OrderBookLib.framework in Frameworks */,
			);
			runOnlyForDeploymentPostprocessing = 0;
		};
		OBJ_90 /* Frameworks */ = {
			isa = PBXFrameworksBuildPhase;
			buildActionMask = 0;
			files = (
			);
			runOnlyForDeploymentPostprocessing = 0;
		};
		OBJ_97 /* Frameworks */ = {
			isa = PBXFrameworksBuildPhase;
			buildActionMask = 0;
			files = (
				OBJ_98 /* OrderBookLib.framework in Frameworks */,
			);
			runOnlyForDeploymentPostprocessing = 0;
		};
/* End PBXFrameworksBuildPhase section */

/* Begin PBXGroup section */
		OBJ_13 /* OrderBookLib */ = {
			isa = PBXGroup;
			children = (
				OBJ_14 /* Engine */,
				OBJ_19 /* Types */,
				OBJ_23 /* Utils */,
			);
			name = OrderBookLib;
			path = Sources/OrderBookLib;
			sourceTree = SOURCE_ROOT;
		};
		OBJ_14 /* Engine */ = {
			isa = PBXGroup;
			children = (
				OBJ_15 /* OrderBookProtocol.swift */,
				OBJ_16 /* TradeEngineProtocol.swift */,
				OBJ_17 /* OrderBook */,
			);
			path = Engine;
			sourceTree = "<group>";
		};
		OBJ_17 /* OrderBook */ = {
			isa = PBXGroup;
			children = (
				OBJ_18 /* BTreeBasedOrderBook.swift */,
			);
			path = OrderBook;
			sourceTree = "<group>";
		};
		OBJ_19 /* Types */ = {
			isa = PBXGroup;
			children = (
				OBJ_20 /* Order.swift */,
				OBJ_21 /* PricePoint.swift */,
				OBJ_22 /* TradeEvent.swift */,
			);
			path = Types;
			sourceTree = "<group>";
		};
		OBJ_23 /* Utils */ = {
			isa = PBXGroup;
			children = (
				OBJ_24 /* BTree */,
				OBJ_41 /* FastDeque */,
			);
			path = Utils;
			sourceTree = "<group>";
		};
		OBJ_24 /* BTree */ = {
			isa = PBXGroup;
			children = (
				OBJ_25 /* BridgedList.swift */,
				OBJ_26 /* BTree.swift */,
				OBJ_27 /* BTreeBuilder.swift */,
				OBJ_28 /* BTreeComparisons.swift */,
				OBJ_29 /* BTreeCursor.swift */,
				OBJ_30 /* BTreeIndex.swift */,
				OBJ_31 /* BTreeIterator.swift */,
				OBJ_32 /* BTreeMerger.swift */,
				OBJ_33 /* BTreeNode.swift */,
				OBJ_34 /* BTreePath.swift */,
				OBJ_35 /* Compatibility.swift */,
				OBJ_36 /* List.swift */,
				OBJ_37 /* Map.swift */,
				OBJ_38 /* SortedBag.swift */,
				OBJ_39 /* SortedSet.swift */,
				OBJ_40 /* Weak.swift */,
			);
			path = BTree;
			sourceTree = "<group>";
		};
		OBJ_41 /* FastDeque */ = {
			isa = PBXGroup;
			children = (
				OBJ_42 /* FastDeque.swift */,
			);
			path = FastDeque;
			sourceTree = "<group>";
		};
		OBJ_43 /* Tests */ = {
			isa = PBXGroup;
			children = (
				OBJ_44 /* OrderBookLibTests */,
			);
			name = Tests;
			sourceTree = SOURCE_ROOT;
		};
		OBJ_44 /* OrderBookLibTests */ = {
			isa = PBXGroup;
			children = (
				OBJ_45 /* BTreeOrderBookSimpleTests.swift */,
			);
			name = OrderBookLibTests;
			path = Tests/OrderBookLibTests;
			sourceTree = SOURCE_ROOT;
		};
		OBJ_46 /* Products */ = {
			isa = PBXGroup;
			children = (
				OBJ_47 /* OrderBookApp */,
				OBJ_48 /* OrderBookLib.framework */,
				OBJ_49 /* OrderBookLibTests.xctest */,
			);
			name = Products;
			sourceTree = BUILT_PRODUCTS_DIR;
		};
		OBJ_5 /*  */ = {
			isa = PBXGroup;
			children = (
				OBJ_6 /* Package.swift */,
				OBJ_7 /* Sources */,
				OBJ_43 /* Tests */,
				OBJ_46 /* Products */,
			);
			name = "";
			sourceTree = "<group>";
		};
		OBJ_7 /* Sources */ = {
			isa = PBXGroup;
			children = (
				OBJ_8 /* OrderBookApp */,
				OBJ_13 /* OrderBookLib */,
			);
			name = Sources;
			sourceTree = SOURCE_ROOT;
		};
		OBJ_8 /* OrderBookApp */ = {
			isa = PBXGroup;
			children = (
				OBJ_9 /* FeedParser.swift */,
				OBJ_10 /* Formatter.swift */,
				OBJ_11 /* main.swift */,
				OBJ_12 /* ScoresExecutor.swift */,
			);
			name = OrderBookApp;
			path = Sources/OrderBookApp;
			sourceTree = SOURCE_ROOT;
		};
/* End PBXGroup section */

/* Begin PBXNativeTarget section */
		OBJ_50 /* OrderBookApp */ = {
			isa = PBXNativeTarget;
			buildConfigurationList = OBJ_51 /* Build configuration list for PBXNativeTarget "OrderBookApp" */;
			buildPhases = (
				OBJ_54 /* Sources */,
				OBJ_59 /* Frameworks */,
			);
			buildRules = (
			);
			dependencies = (
				OBJ_61 /* PBXTargetDependency */,
			);
			name = OrderBookApp;
			productName = OrderBookApp;
			productReference = OBJ_47 /* OrderBookApp */;
			productType = "com.apple.product-type.tool";
		};
		OBJ_62 /* OrderBookLib */ = {
			isa = PBXNativeTarget;
			buildConfigurationList = OBJ_63 /* Build configuration list for PBXNativeTarget "OrderBookLib" */;
			buildPhases = (
				OBJ_66 /* Sources */,
				OBJ_90 /* Frameworks */,
			);
			buildRules = (
			);
			dependencies = (
			);
			name = OrderBookLib;
			productName = OrderBookLib;
			productReference = OBJ_48 /* OrderBookLib.framework */;
			productType = "com.apple.product-type.framework";
		};
		OBJ_91 /* OrderBookLibTests */ = {
			isa = PBXNativeTarget;
			buildConfigurationList = OBJ_92 /* Build configuration list for PBXNativeTarget "OrderBookLibTests" */;
			buildPhases = (
				OBJ_95 /* Sources */,
				OBJ_97 /* Frameworks */,
			);
			buildRules = (
			);
			dependencies = (
				OBJ_99 /* PBXTargetDependency */,
			);
			name = OrderBookLibTests;
			productName = OrderBookLibTests;
			productReference = OBJ_49 /* OrderBookLibTests.xctest */;
			productType = "com.apple.product-type.bundle.unit-test";
		};
/* End PBXNativeTarget section */

/* Begin PBXProject section */
		OBJ_1 /* Project object */ = {
			isa = PBXProject;
			attributes = {
				LastUpgradeCheck = 9999;
			};
			buildConfigurationList = OBJ_2 /* Build configuration list for PBXProject "SwiftOrderBook" */;
			compatibilityVersion = "Xcode 3.2";
			developmentRegion = English;
			hasScannedForEncodings = 0;
			knownRegions = (
				en,
			);
			mainGroup = OBJ_5 /*  */;
			productRefGroup = OBJ_46 /* Products */;
			projectDirPath = "";
			projectRoot = "";
			targets = (
				OBJ_50 /* OrderBookApp */,
				OBJ_62 /* OrderBookLib */,
				OBJ_91 /* OrderBookLibTests */,
			);
		};
/* End PBXProject section */

/* Begin PBXSourcesBuildPhase section */
		OBJ_54 /* Sources */ = {
			isa = PBXSourcesBuildPhase;
			buildActionMask = 0;
			files = (
				OBJ_55 /* FeedParser.swift in Sources */,
				OBJ_56 /* Formatter.swift in Sources */,
				OBJ_57 /* main.swift in Sources */,
				OBJ_58 /* ScoresExecutor.swift in Sources */,
			);
			runOnlyForDeploymentPostprocessing = 0;
		};
		OBJ_66 /* Sources */ = {
			isa = PBXSourcesBuildPhase;
			buildActionMask = 0;
			files = (
				OBJ_67 /* OrderBookProtocol.swift in Sources */,
				OBJ_68 /* TradeEngineProtocol.swift in Sources */,
				OBJ_69 /* Order.swift in Sources */,
				OBJ_70 /* PricePoint.swift in Sources */,
				OBJ_71 /* TradeEvent.swift in Sources */,
				OBJ_72 /* BTreeBasedOrderBook.swift in Sources */,
				OBJ_73 /* BridgedList.swift in Sources */,
				OBJ_74 /* BTree.swift in Sources */,
				OBJ_75 /* BTreeBuilder.swift in Sources */,
				OBJ_76 /* BTreeComparisons.swift in Sources */,
				OBJ_77 /* BTreeCursor.swift in Sources */,
				OBJ_78 /* BTreeIndex.swift in Sources */,
				OBJ_79 /* BTreeIterator.swift in Sources */,
				OBJ_80 /* BTreeMerger.swift in Sources */,
				OBJ_81 /* BTreeNode.swift in Sources */,
				OBJ_82 /* BTreePath.swift in Sources */,
				OBJ_83 /* Compatibility.swift in Sources */,
				OBJ_84 /* List.swift in Sources */,
				OBJ_85 /* Map.swift in Sources */,
				OBJ_86 /* SortedBag.swift in Sources */,
				OBJ_87 /* SortedSet.swift in Sources */,
				OBJ_88 /* Weak.swift in Sources */,
				OBJ_89 /* FastDeque.swift in Sources */,
			);
			runOnlyForDeploymentPostprocessing = 0;
		};
		OBJ_95 /* Sources */ = {
			isa = PBXSourcesBuildPhase;
			buildActionMask = 0;
			files = (
				OBJ_96 /* BTreeOrderBookSimpleTests.swift in Sources */,
			);
			runOnlyForDeploymentPostprocessing = 0;
		};
/* End PBXSourcesBuildPhase section */

/* Begin PBXTargetDependency section */
		OBJ_61 /* PBXTargetDependency */ = {
			isa = PBXTargetDependency;
			target = OBJ_62 /* OrderBookLib */;
			targetProxy = 46CA0BC81ECB8809001530AC /* PBXContainerItemProxy */;
		};
		OBJ_99 /* PBXTargetDependency */ = {
			isa = PBXTargetDependency;
			target = OBJ_62 /* OrderBookLib */;
			targetProxy = 46CA0BC91ECB8809001530AC /* PBXContainerItemProxy */;
		};
/* End PBXTargetDependency section */

/* Begin XCBuildConfiguration section */
		OBJ_3 /* Debug */ = {
			isa = XCBuildConfiguration;
			buildSettings = {
				CLANG_ENABLE_OBJC_ARC = YES;
				COMBINE_HIDPI_IMAGES = YES;
				COPY_PHASE_STRIP = NO;
				DEBUG_INFORMATION_FORMAT = dwarf;
				DYLIB_INSTALL_NAME_BASE = "@rpath";
				ENABLE_NS_ASSERTIONS = YES;
				GCC_OPTIMIZATION_LEVEL = 0;
				MACOSX_DEPLOYMENT_TARGET = 10.10;
				ONLY_ACTIVE_ARCH = YES;
				OTHER_SWIFT_FLAGS = "-DXcode";
				PRODUCT_NAME = "$(TARGET_NAME)";
				SDKROOT = macosx;
				SUPPORTED_PLATFORMS = "macosx iphoneos iphonesimulator appletvos appletvsimulator watchos watchsimulator";
				SWIFT_ACTIVE_COMPILATION_CONDITIONS = SWIFT_PACKAGE;
				SWIFT_OPTIMIZATION_LEVEL = "-Onone";
				SWIFT_VERSION = 3.0;
				USE_HEADERMAP = NO;
			};
			name = Debug;
		};
		OBJ_4 /* Release */ = {
			isa = XCBuildConfiguration;
			buildSettings = {
				CLANG_ENABLE_OBJC_ARC = YES;
				COMBINE_HIDPI_IMAGES = YES;
				COPY_PHASE_STRIP = YES;
				DEBUG_INFORMATION_FORMAT = "dwarf-with-dsym";
				DYLIB_INSTALL_NAME_BASE = "@rpath";
				GCC_OPTIMIZATION_LEVEL = s;
				MACOSX_DEPLOYMENT_TARGET = 10.10;
				OTHER_SWIFT_FLAGS = "-DXcode";
				PRODUCT_NAME = "$(TARGET_NAME)";
				SDKROOT = macosx;
				SUPPORTED_PLATFORMS = "macosx iphoneos iphonesimulator appletvos appletvsimulator watchos watchsimulator";
				SWIFT_ACTIVE_COMPILATION_CONDITIONS = SWIFT_PACKAGE;
				SWIFT_OPTIMIZATION_LEVEL = "-Owholemodule";
				SWIFT_VERSION = 3.0;
				USE_HEADERMAP = NO;
			};
			name = Release;
		};
		OBJ_52 /* Debug */ = {
			isa = XCBuildConfiguration;
			buildSettings = {
				FRAMEWORK_SEARCH_PATHS = (
					"$(inherited)",
					"$(PLATFORM_DIR)/Developer/Library/Frameworks",
				);
				HEADER_SEARCH_PATHS = "$(inherited)";
				INFOPLIST_FILE = SwiftOrderBook.xcodeproj/OrderBookApp_Info.plist;
				LD_RUNPATH_SEARCH_PATHS = "$(TOOLCHAIN_DIR)/usr/lib/swift/macosx @executable_path";
				OTHER_LDFLAGS = "$(inherited)";
				OTHER_SWIFT_FLAGS = "$(inherited)";
				SWIFT_FORCE_DYNAMIC_LINK_STDLIB = YES;
				SWIFT_FORCE_STATIC_LINK_STDLIB = NO;
				TARGET_NAME = OrderBookApp;
			};
			name = Debug;
		};
		OBJ_53 /* Release */ = {
			isa = XCBuildConfiguration;
			buildSettings = {
				FRAMEWORK_SEARCH_PATHS = (
					"$(inherited)",
					"$(PLATFORM_DIR)/Developer/Library/Frameworks",
				);
				HEADER_SEARCH_PATHS = "$(inherited)";
				INFOPLIST_FILE = SwiftOrderBook.xcodeproj/OrderBookApp_Info.plist;
				LD_RUNPATH_SEARCH_PATHS = "$(TOOLCHAIN_DIR)/usr/lib/swift/macosx @executable_path";
				OTHER_LDFLAGS = "$(inherited)";
				OTHER_SWIFT_FLAGS = "$(inherited)";
				SWIFT_FORCE_DYNAMIC_LINK_STDLIB = YES;
				SWIFT_FORCE_STATIC_LINK_STDLIB = NO;
				TARGET_NAME = OrderBookApp;
			};
			name = Release;
		};
		OBJ_64 /* Debug */ = {
			isa = XCBuildConfiguration;
			buildSettings = {
				ENABLE_TESTABILITY = YES;
				FRAMEWORK_SEARCH_PATHS = (
					"$(inherited)",
					"$(PLATFORM_DIR)/Developer/Library/Frameworks",
				);
				HEADER_SEARCH_PATHS = "$(inherited)";
				INFOPLIST_FILE = SwiftOrderBook.xcodeproj/OrderBookLib_Info.plist;
				LD_RUNPATH_SEARCH_PATHS = "$(TOOLCHAIN_DIR)/usr/lib/swift/macosx";
				OTHER_LDFLAGS = "$(inherited)";
				OTHER_SWIFT_FLAGS = "$(inherited)";
				PRODUCT_BUNDLE_IDENTIFIER = OrderBookLib;
				PRODUCT_MODULE_NAME = "$(TARGET_NAME:c99extidentifier)";
				PRODUCT_NAME = "$(TARGET_NAME:c99extidentifier)";
				SKIP_INSTALL = YES;
				TARGET_NAME = OrderBookLib;
			};
			name = Debug;
		};
		OBJ_65 /* Release */ = {
			isa = XCBuildConfiguration;
			buildSettings = {
				ENABLE_TESTABILITY = YES;
				FRAMEWORK_SEARCH_PATHS = (
					"$(inherited)",
					"$(PLATFORM_DIR)/Developer/Library/Frameworks",
				);
				HEADER_SEARCH_PATHS = "$(inherited)";
				INFOPLIST_FILE = SwiftOrderBook.xcodeproj/OrderBookLib_Info.plist;
				LD_RUNPATH_SEARCH_PATHS = "$(TOOLCHAIN_DIR)/usr/lib/swift/macosx";
				OTHER_LDFLAGS = "$(inherited)";
				OTHER_SWIFT_FLAGS = "$(inherited)";
				PRODUCT_BUNDLE_IDENTIFIER = OrderBookLib;
				PRODUCT_MODULE_NAME = "$(TARGET_NAME:c99extidentifier)";
				PRODUCT_NAME = "$(TARGET_NAME:c99extidentifier)";
				SKIP_INSTALL = YES;
				TARGET_NAME = OrderBookLib;
			};
			name = Release;
		};
		OBJ_93 /* Debug */ = {
			isa = XCBuildConfiguration;
			buildSettings = {
				EMBEDDED_CONTENT_CONTAINS_SWIFT = YES;
				FRAMEWORK_SEARCH_PATHS = (
					"$(inherited)",
					"$(PLATFORM_DIR)/Developer/Library/Frameworks",
				);
				HEADER_SEARCH_PATHS = "$(inherited)";
				INFOPLIST_FILE = SwiftOrderBook.xcodeproj/OrderBookLibTests_Info.plist;
				LD_RUNPATH_SEARCH_PATHS = "@loader_path/../Frameworks @loader_path/Frameworks";
				OTHER_LDFLAGS = "$(inherited)";
				OTHER_SWIFT_FLAGS = "$(inherited)";
				TARGET_NAME = OrderBookLibTests;
			};
			name = Debug;
		};
		OBJ_94 /* Release */ = {
			isa = XCBuildConfiguration;
			buildSettings = {
				EMBEDDED_CONTENT_CONTAINS_SWIFT = YES;
				FRAMEWORK_SEARCH_PATHS = (
					"$(inherited)",
					"$(PLATFORM_DIR)/Developer/Library/Frameworks",
				);
				HEADER_SEARCH_PATHS = "$(inherited)";
				INFOPLIST_FILE = SwiftOrderBook.xcodeproj/OrderBookLibTests_Info.plist;
				LD_RUNPATH_SEARCH_PATHS = "@loader_path/../Frameworks @loader_path/Frameworks";
				OTHER_LDFLAGS = "$(inherited)";
				OTHER_SWIFT_FLAGS = "$(inherited)";
				TARGET_NAME = OrderBookLibTests;
			};
			name = Release;
		};
/* End XCBuildConfiguration section */

/* Begin XCConfigurationList section */
		OBJ_2 /* Build configuration list for PBXProject "SwiftOrderBook" */ = {
			isa = XCConfigurationList;
			buildConfigurations = (
				OBJ_3 /* Debug */,
				OBJ_4 /* Release */,
			);
			defaultConfigurationIsVisible = 0;
			defaultConfigurationName = Debug;
		};
		OBJ_51 /* Build configuration list for PBXNativeTarget "OrderBookApp" */ = {
			isa = XCConfigurationList;
			buildConfigurations = (
				OBJ_52 /* Debug */,
				OBJ_53 /* Release */,
			);
			defaultConfigurationIsVisible = 0;
			defaultConfigurationName = Debug;
		};
		OBJ_63 /* Build configuration list for PBXNativeTarget "OrderBookLib" */ = {
			isa = XCConfigurationList;
			buildConfigurations = (
				OBJ_64 /* Debug */,
				OBJ_65 /* Release */,
			);
			defaultConfigurationIsVisible = 0;
			defaultConfigurationName = Debug;
		};
		OBJ_92 /* Build configuration list for PBXNativeTarget "OrderBookLibTests" */ = {
			isa = XCConfigurationList;
			buildConfigurations = (
				OBJ_93 /* Debug */,
				OBJ_94 /* Release */,
			);
			defaultConfigurationIsVisible = 0;
			defaultConfigurationName = Debug;
		};
/* End XCConfigurationList section */
	};
	rootObject = OBJ_1 /* Project object */;
}
